// !$*UTF8*$!
{
	archiveVersion = 1;
	classes = {
	};
	objectVersion = 50;
	objects = {

/* Begin PBXBuildFile section */
		A4C5C889255CCC26007BDE0A /* AppDelegate.swift in Sources */ = {isa = PBXBuildFile; fileRef = A4C5C888255CCC26007BDE0A /* AppDelegate.swift */; };
		A4C5C88B255CCC26007BDE0A /* SceneDelegate.swift in Sources */ = {isa = PBXBuildFile; fileRef = A4C5C88A255CCC26007BDE0A /* SceneDelegate.swift */; };
		A4C5C88D255CCC26007BDE0A /* ViewController.swift in Sources */ = {isa = PBXBuildFile; fileRef = A4C5C88C255CCC26007BDE0A /* ViewController.swift */; };
		A4C5C890255CCC26007BDE0A /* Main.storyboard in Resources */ = {isa = PBXBuildFile; fileRef = A4C5C88E255CCC26007BDE0A /* Main.storyboard */; };
		A4C5C892255CCC26007BDE0A /* Assets.xcassets in Resources */ = {isa = PBXBuildFile; fileRef = A4C5C891255CCC26007BDE0A /* Assets.xcassets */; };
		A4C5C895255CCC26007BDE0A /* LaunchScreen.storyboard in Resources */ = {isa = PBXBuildFile; fileRef = A4C5C893255CCC26007BDE0A /* LaunchScreen.storyboard */; };
		A4C5C89E255CD0D0007BDE0A /* PropinsiTableViewCell.swift in Sources */ = {isa = PBXBuildFile; fileRef = A4C5C89D255CD0D0007BDE0A /* PropinsiTableViewCell.swift */; };
/* End PBXBuildFile section */

/* Begin PBXFileReference section */
		A4C5C885255CCC26007BDE0A /* Provinsi.app */ = {isa = PBXFileReference; explicitFileType = wrapper.application; includeInIndex = 0; path = Provinsi.app; sourceTree = BUILT_PRODUCTS_DIR; };
		A4C5C888255CCC26007BDE0A /* AppDelegate.swift */ = {isa = PBXFileReference; lastKnownFileType = sourcecode.swift; path = AppDelegate.swift; sourceTree = "<group>"; };
		A4C5C88A255CCC26007BDE0A /* SceneDelegate.swift */ = {isa = PBXFileReference; lastKnownFileType = sourcecode.swift; path = SceneDelegate.swift; sourceTree = "<group>"; };
		A4C5C88C255CCC26007BDE0A /* ViewController.swift */ = {isa = PBXFileReference; lastKnownFileType = sourcecode.swift; path = ViewController.swift; sourceTree = "<group>"; };
		A4C5C88F255CCC26007BDE0A /* Base */ = {isa = PBXFileReference; lastKnownFileType = file.storyboard; name = Base; path = Base.lproj/Main.storyboard; sourceTree = "<group>"; };
		A4C5C891255CCC26007BDE0A /* Assets.xcassets */ = {isa = PBXFileReference; lastKnownFileType = folder.assetcatalog; path = Assets.xcassets; sourceTree = "<group>"; };
		A4C5C894255CCC26007BDE0A /* Base */ = {isa = PBXFileReference; lastKnownFileType = file.storyboard; name = Base; path = Base.lproj/LaunchScreen.storyboard; sourceTree = "<group>"; };
		A4C5C896255CCC26007BDE0A /* Info.plist */ = {isa = PBXFileReference; lastKnownFileType = text.plist.xml; path = Info.plist; sourceTree = "<group>"; };
		A4C5C89D255CD0D0007BDE0A /* PropinsiTableViewCell.swift */ = {isa = PBXFileReference; lastKnownFileType = sourcecode.swift; path = PropinsiTableViewCell.swift; sourceTree = "<group>"; };
/* End PBXFileReference section */

/* Begin PBXFrameworksBuildPhase section */
		A4C5C882255CCC26007BDE0A /* Frameworks */ = {
			isa = PBXFrameworksBuildPhase;
			buildActionMask = 2147483647;
			files = (
			);
			runOnlyForDeploymentPostprocessing = 0;
		};
/* End PBXFrameworksBuildPhase section */

/* Begin PBXGroup section */
		A4C5C87C255CCC26007BDE0A = {
			isa = PBXGroup;
			children = (
				A4C5C887255CCC26007BDE0A /* Provinsi */,
				A4C5C886255CCC26007BDE0A /* Products */,
			);
			sourceTree = "<group>";
		};
		A4C5C886255CCC26007BDE0A /* Products */ = {
			isa = PBXGroup;
			children = (
				A4C5C885255CCC26007BDE0A /* Provinsi.app */,
			);
			name = Products;
			sourceTree = "<group>";
		};
		A4C5C887255CCC26007BDE0A /* Provinsi */ = {
			isa = PBXGroup;
			children = (
				A4C5C888255CCC26007BDE0A /* AppDelegate.swift */,
				A4C5C88A255CCC26007BDE0A /* SceneDelegate.swift */,
				A4C5C88C255CCC26007BDE0A /* ViewController.swift */,
				A4C5C88E255CCC26007BDE0A /* Main.storyboard */,
				A4C5C891255CCC26007BDE0A /* Assets.xcassets */,
				A4C5C893255CCC26007BDE0A /* LaunchScreen.storyboard */,
				A4C5C896255CCC26007BDE0A /* Info.plist */,
				A4C5C89D255CD0D0007BDE0A /* PropinsiTableViewCell.swift */,
			);
			path = Provinsi;
			sourceTree = "<group>";
		};
/* End PBXGroup section */

/* Begin PBXNativeTarget section */
		A4C5C884255CCC26007BDE0A /* Provinsi */ = {
			isa = PBXNativeTarget;
			buildConfigurationList = A4C5C899255CCC26007BDE0A /* Build configuration list for PBXNativeTarget "Provinsi" */;
			buildPhases = (
				A4C5C881255CCC26007BDE0A /* Sources */,
				A4C5C882255CCC26007BDE0A /* Frameworks */,
				A4C5C883255CCC26007BDE0A /* Resources */,
			);
			buildRules = (
			);
			dependencies = (
			);
			name = Provinsi;
			productName = Provinsi;
			productReference = A4C5C885255CCC26007BDE0A /* Provinsi.app */;
			productType = "com.apple.product-type.application";
		};
/* End PBXNativeTarget section */

/* Begin PBXProject section */
		A4C5C87D255CCC26007BDE0A /* Project object */ = {
			isa = PBXProject;
			attributes = {
				LastSwiftUpdateCheck = 1210;
				LastUpgradeCheck = 1210;
				TargetAttributes = {
					A4C5C884255CCC26007BDE0A = {
						CreatedOnToolsVersion = 12.1;
					};
				};
			};
			buildConfigurationList = A4C5C880255CCC26007BDE0A /* Build configuration list for PBXProject "Provinsi" */;
			compatibilityVersion = "Xcode 9.3";
			developmentRegion = en;
			hasScannedForEncodings = 0;
			knownRegions = (
				en,
				Base,
			);
			mainGroup = A4C5C87C255CCC26007BDE0A;
			productRefGroup = A4C5C886255CCC26007BDE0A /* Products */;
			projectDirPath = "";
			projectRoot = "";
			targets = (
				A4C5C884255CCC26007BDE0A /* Provinsi */,
			);
		};
/* End PBXProject section */

/* Begin PBXResourcesBuildPhase section */
		A4C5C883255CCC26007BDE0A /* Resources */ = {
			isa = PBXResourcesBuildPhase;
			buildActionMask = 2147483647;
			files = (
				A4C5C895255CCC26007BDE0A /* LaunchScreen.storyboard in Resources */,
				A4C5C892255CCC26007BDE0A /* Assets.xcassets in Resources */,
				A4C5C890255CCC26007BDE0A /* Main.storyboard in Resources */,
			);
			runOnlyForDeploymentPostprocessing = 0;
		};
/* End PBXResourcesBuildPhase section */

/* Begin PBXSourcesBuildPhase section */
		A4C5C881255CCC26007BDE0A /* Sources */ = {
			isa = PBXSourcesBuildPhase;
			buildActionMask = 2147483647;
			files = (
				A4C5C88D255CCC26007BDE0A /* ViewController.swift in Sources */,
				A4C5C89E255CD0D0007BDE0A /* PropinsiTableViewCell.swift in Sources */,
				A4C5C889255CCC26007BDE0A /* AppDelegate.swift in Sources */,
				A4C5C88B255CCC26007BDE0A /* SceneDelegate.swift in Sources */,
			);
			runOnlyForDeploymentPostprocessing = 0;
		};
/* End PBXSourcesBuildPhase section */

/* Begin PBXVariantGroup section */
		A4C5C88E255CCC26007BDE0A /* Main.storyboard */ = {
			isa = PBXVariantGroup;
			children = (
				A4C5C88F255CCC26007BDE0A /* Base */,
			);
			name = Main.storyboard;
			sourceTree = "<group>";
		};
		A4C5C893255CCC26007BDE0A /* LaunchScreen.storyboard */ = {
			isa = PBXVariantGroup;
			children = (
				A4C5C894255CCC26007BDE0A /* Base */,
			);
			name = LaunchScreen.storyboard;
			sourceTree = "<group>";
		};
/* End PBXVariantGroup section */

/* Begin XCBuildConfiguration section */
		A4C5C897255CCC26007BDE0A /* Debug */ = {
			isa = XCBuildConfiguration;
			buildSettings = {
				ALWAYS_SEARCH_USER_PATHS = NO;
				CLANG_ANALYZER_NONNULL = YES;
				CLANG_ANALYZER_NUMBER_OBJECT_CONVERSION = YES_AGGRESSIVE;
				CLANG_CXX_LANGUAGE_STANDARD = "gnu++14";
				CLANG_CXX_LIBRARY = "libc++";
				CLANG_ENABLE_MODULES = YES;
				CLANG_ENABLE_OBJC_ARC = YES;
				CLANG_ENABLE_OBJC_WEAK = YES;
				CLANG_WARN_BLOCK_CAPTURE_AUTORELEASING = YES;
				CLANG_WARN_BOOL_CONVERSION = YES;
				CLANG_WARN_COMMA = YES;
				CLANG_WARN_CONSTANT_CONVERSION = YES;
				CLANG_WARN_DEPRECATED_OBJC_IMPLEMENTATIONS = YES;
				CLANG_WARN_DIRECT_OBJC_ISA_USAGE = YES_ERROR;
				CLANG_WARN_DOCUMENTATION_COMMENTS = YES;
				CLANG_WARN_EMPTY_BODY = YES;
				CLANG_WARN_ENUM_CONVERSION = YES;
				CLANG_WARN_INFINITE_RECURSION = YES;
				CLANG_WARN_INT_CONVERSION = YES;
				CLANG_WARN_NON_LITERAL_NULL_CONVERSION = YES;
				CLANG_WARN_OBJC_IMPLICIT_RETAIN_SELF = YES;
				CLANG_WARN_OBJC_LITERAL_CONVERSION = YES;
				CLANG_WARN_OBJC_ROOT_CLASS = YES_ERROR;
				CLANG_WARN_QUOTED_INCLUDE_IN_FRAMEWORK_HEADER = YES;
				CLANG_WARN_RANGE_LOOP_ANALYSIS = YES;
				CLANG_WARN_STRICT_PROTOTYPES = YES;
				CLANG_WARN_SUSPICIOUS_MOVE = YES;
				CLANG_WARN_UNGUARDED_AVAILABILITY = YES_AGGRESSIVE;
				CLANG_WARN_UNREACHABLE_CODE = YES;
				CLANG_WARN__DUPLICATE_METHOD_MATCH = YES;
				COPY_PHASE_STRIP = NO;
				DEBUG_INFORMATION_FORMAT = dwarf;
				ENABLE_STRICT_OBJC_MSGSEND = YES;
				ENABLE_TESTABILITY = YES;
				GCC_C_LANGUAGE_STANDARD = gnu11;
				GCC_DYNAMIC_NO_PIC = NO;
				GCC_NO_COMMON_BLOCKS = YES;
				GCC_OPTIMIZATION_LEVEL = 0;
				GCC_PREPROCESSOR_DEFINITIONS = (
					"DEBUG=1",
					"$(inherited)",
				);
				GCC_WARN_64_TO_32_BIT_CONVERSION = YES;
				GCC_WARN_ABOUT_RETURN_TYPE = YES_ERROR;
				GCC_WARN_UNDECLARED_SELECTOR = YES;
				GCC_WARN_UNINITIALIZED_AUTOS = YES_AGGRESSIVE;
				GCC_WARN_UNUSED_FUNCTION = YES;
				GCC_WARN_UNUSED_VARIABLE = YES;
				IPHONEOS_DEPLOYMENT_TARGET = 14.1;
				MTL_ENABLE_DEBUG_INFO = INCLUDE_SOURCE;
				MTL_FAST_MATH = YES;
				ONLY_ACTIVE_ARCH = YES;
				SDKROOT = iphoneos;
				SWIFT_ACTIVE_COMPILATION_CONDITIONS = DEBUG;
				SWIFT_OPTIMIZATION_LEVEL = "-Onone";
			};
			name = Debug;
		};
		A4C5C898255CCC26007BDE0A /* Release */ = {
			isa = XCBuildConfiguration;
			buildSettings = {
				ALWAYS_SEARCH_USER_PATHS = NO;
				CLANG_ANALYZER_NONNULL = YES;
				CLANG_ANALYZER_NUMBER_OBJECT_CONVERSION = YES_AGGRESSIVE;
				CLANG_CXX_LANGUAGE_STANDARD = "gnu++14";
				CLANG_CXX_LIBRARY = "libc++";
				CLANG_ENABLE_MODULES = YES;
				CLANG_ENABLE_OBJC_ARC = YES;
				CLANG_ENABLE_OBJC_WEAK = YES;
				CLANG_WARN_BLOCK_CAPTURE_AUTORELEASING = YES;
				CLANG_WARN_BOOL_CONVERSION = YES;
				CLANG_WARN_COMMA = YES;
				CLANG_WARN_CONSTANT_CONVERSION = YES;
				CLANG_WARN_DEPRECATED_OBJC_IMPLEMENTATIONS = YES;
				CLANG_WARN_DIRECT_OBJC_ISA_USAGE = YES_ERROR;
				CLANG_WARN_DOCUMENTATION_COMMENTS = YES;
				CLANG_WARN_EMPTY_BODY = YES;
				CLANG_WARN_ENUM_CONVERSION = YES;
				CLANG_WARN_INFINITE_RECURSION = YES;
				CLANG_WARN_INT_CONVERSION = YES;
				CLANG_WARN_NON_LITERAL_NULL_CONVERSION = YES;
				CLANG_WARN_OBJC_IMPLICIT_RETAIN_SELF = YES;
				CLANG_WARN_OBJC_LITERAL_CONVERSION = YES;
				CLANG_WARN_OBJC_ROOT_CLASS = YES_ERROR;
				CLANG_WARN_QUOTED_INCLUDE_IN_FRAMEWORK_HEADER = YES;
				CLANG_WARN_RANGE_LOOP_ANALYSIS = YES;
				CLANG_WARN_STRICT_PROTOTYPES = YES;
				CLANG_WARN_SUSPICIOUS_MOVE = YES;
				CLANG_WARN_UNGUARDED_AVAILABILITY = YES_AGGRESSIVE;
				CLANG_WARN_UNREACHABLE_CODE = YES;
				CLANG_WARN__DUPLICATE_METHOD_MATCH = YES;
				COPY_PHASE_STRIP = NO;
				DEBUG_INFORMATION_FORMAT = "dwarf-with-dsym";
				ENABLE_NS_ASSERTIONS = NO;
				ENABLE_STRICT_OBJC_MSGSEND = YES;
				GCC_C_LANGUAGE_STANDARD = gnu11;
				GCC_NO_COMMON_BLOCKS = YES;
				GCC_WARN_64_TO_32_BIT_CONVERSION = YES;
				GCC_WARN_ABOUT_RETURN_TYPE = YES_ERROR;
				GCC_WARN_UNDECLARED_SELECTOR = YES;
				GCC_WARN_UNINITIALIZED_AUTOS = YES_AGGRESSIVE;
				GCC_WARN_UNUSED_FUNCTION = YES;
				GCC_WARN_UNUSED_VARIABLE = YES;
				IPHONEOS_DEPLOYMENT_TARGET = 14.1;
				MTL_ENABLE_DEBUG_INFO = NO;
				MTL_FAST_MATH = YES;
				SDKROOT = iphoneos;
				SWIFT_COMPILATION_MODE = wholemodule;
				SWIFT_OPTIMIZATION_LEVEL = "-O";
				VALIDATE_PRODUCT = YES;
			};
			name = Release;
		};
		A4C5C89A255CCC26007BDE0A /* Debug */ = {
			isa = XCBuildConfiguration;
			buildSettings = {
				ASSETCATALOG_COMPILER_APPICON_NAME = AppIcon;
				ASSETCATALOG_COMPILER_GLOBAL_ACCENT_COLOR_NAME = AccentColor;
				CODE_SIGN_STYLE = Automatic;
				DEVELOPMENT_TEAM = N9L2BN72PN;
				INFOPLIST_FILE = Provinsi/Info.plist;
				LD_RUNPATH_SEARCH_PATHS = (
					"$(inherited)",
					"@executable_path/Frameworks",
				);
				PRODUCT_BUNDLE_IDENTIFIER = GROWDEV.Provinsi;
				PRODUCT_NAME = "$(TARGET_NAME)";
				SWIFT_VERSION = 5.0;
				TARGETED_DEVICE_FAMILY = "1,2";
			};
			name = Debug;
		};
		A4C5C89B255CCC26007BDE0A /* Release */ = {
			isa = XCBuildConfiguration;
			buildSettings = {
				ASSETCATALOG_COMPILER_APPICON_NAME = AppIcon;
				ASSETCATALOG_COMPILER_GLOBAL_ACCENT_COLOR_NAME = AccentColor;
				CODE_SIGN_STYLE = Automatic;
				DEVELOPMENT_TEAM = N9L2BN72PN;
				INFOPLIST_FILE = Provinsi/Info.plist;
				LD_RUNPATH_SEARCH_PATHS = (
					"$(inherited)",
					"@executable_path/Frameworks",
				);
				PRODUCT_BUNDLE_IDENTIFIER = GROWDEV.Provinsi;
				PRODUCT_NAME = "$(TARGET_NAME)";
				SWIFT_VERSION = 5.0;
				TARGETED_DEVICE_FAMILY = "1,2";
			};
			name = Release;
		};
/* End XCBuildConfiguration section */

/* Begin XCConfigurationList section */
		A4C5C880255CCC26007BDE0A /* Build configuration list for PBXProject "Provinsi" */ = {
			isa = XCConfigurationList;
			buildConfigurations = (
				A4C5C897255CCC26007BDE0A /* Debug */,
				A4C5C898255CCC26007BDE0A /* Release */,
			);
			defaultConfigurationIsVisible = 0;
			defaultConfigurationName = Release;
		};
		A4C5C899255CCC26007BDE0A /* Build configuration list for PBXNativeTarget "Provinsi" */ = {
			isa = XCConfigurationList;
			buildConfigurations = (
				A4C5C89A255CCC26007BDE0A /* Debug */,
				A4C5C89B255CCC26007BDE0A /* Release */,
			);
			defaultConfigurationIsVisible = 0;
			defaultConfigurationName = Release;
		};
/* End XCConfigurationList section */
	};
	rootObject = A4C5C87D255CCC26007BDE0A /* Project object */;
}
